// !$*UTF8*$!
{
	archiveVersion = 1;
	classes = {
	};
	objectVersion = 50;
	objects = {

/* Begin PBXBuildFile section */
		693A9F8E2739149D0058AD6F /* AppDelegate.swift in Sources */ = {isa = PBXBuildFile; fileRef = 693A9F8D2739149D0058AD6F /* AppDelegate.swift */; };
		693A9F902739149D0058AD6F /* SceneDelegate.swift in Sources */ = {isa = PBXBuildFile; fileRef = 693A9F8F2739149D0058AD6F /* SceneDelegate.swift */; };
		693A9F922739149D0058AD6F /* ViewController.swift in Sources */ = {isa = PBXBuildFile; fileRef = 693A9F912739149D0058AD6F /* ViewController.swift */; };
		693A9F952739149D0058AD6F /* Main.storyboard in Resources */ = {isa = PBXBuildFile; fileRef = 693A9F932739149D0058AD6F /* Main.storyboard */; };
		693A9F972739149E0058AD6F /* Assets.xcassets in Resources */ = {isa = PBXBuildFile; fileRef = 693A9F962739149E0058AD6F /* Assets.xcassets */; };
		693A9F9A2739149E0058AD6F /* LaunchScreen.storyboard in Resources */ = {isa = PBXBuildFile; fileRef = 693A9F982739149E0058AD6F /* LaunchScreen.storyboard */; };
		693A9FA52739149E0058AD6F /* TableViewTests.swift in Sources */ = {isa = PBXBuildFile; fileRef = 693A9FA42739149E0058AD6F /* TableViewTests.swift */; };
		693A9FB02739149F0058AD6F /* TableViewUITests.swift in Sources */ = {isa = PBXBuildFile; fileRef = 693A9FAF2739149F0058AD6F /* TableViewUITests.swift */; };
/* End PBXBuildFile section */

/* Begin PBXContainerItemProxy section */
		693A9FA12739149E0058AD6F /* PBXContainerItemProxy */ = {
			isa = PBXContainerItemProxy;
			containerPortal = 693A9F822739149D0058AD6F /* Project object */;
			proxyType = 1;
			remoteGlobalIDString = 693A9F892739149D0058AD6F;
			remoteInfo = TableView;
		};
		693A9FAC2739149E0058AD6F /* PBXContainerItemProxy */ = {
			isa = PBXContainerItemProxy;
			containerPortal = 693A9F822739149D0058AD6F /* Project object */;
			proxyType = 1;
			remoteGlobalIDString = 693A9F892739149D0058AD6F;
			remoteInfo = TableView;
		};
/* End PBXContainerItemProxy section */

/* Begin PBXFileReference section */
		693A9F8A2739149D0058AD6F /* TableView.app */ = {isa = PBXFileReference; explicitFileType = wrapper.application; includeInIndex = 0; path = TableView.app; sourceTree = BUILT_PRODUCTS_DIR; };
		693A9F8D2739149D0058AD6F /* AppDelegate.swift */ = {isa = PBXFileReference; lastKnownFileType = sourcecode.swift; path = AppDelegate.swift; sourceTree = "<group>"; };
		693A9F8F2739149D0058AD6F /* SceneDelegate.swift */ = {isa = PBXFileReference; lastKnownFileType = sourcecode.swift; path = SceneDelegate.swift; sourceTree = "<group>"; };
		693A9F912739149D0058AD6F /* ViewController.swift */ = {isa = PBXFileReference; lastKnownFileType = sourcecode.swift; path = ViewController.swift; sourceTree = "<group>"; };
		693A9F942739149D0058AD6F /* Base */ = {isa = PBXFileReference; lastKnownFileType = file.storyboard; name = Base; path = Base.lproj/Main.storyboard; sourceTree = "<group>"; };
		693A9F962739149E0058AD6F /* Assets.xcassets */ = {isa = PBXFileReference; lastKnownFileType = folder.assetcatalog; path = Assets.xcassets; sourceTree = "<group>"; };
		693A9F992739149E0058AD6F /* Base */ = {isa = PBXFileReference; lastKnownFileType = file.storyboard; name = Base; path = Base.lproj/LaunchScreen.storyboard; sourceTree = "<group>"; };
		693A9F9B2739149E0058AD6F /* Info.plist */ = {isa = PBXFileReference; lastKnownFileType = text.plist.xml; path = Info.plist; sourceTree = "<group>"; };
		693A9FA02739149E0058AD6F /* TableViewTests.xctest */ = {isa = PBXFileReference; explicitFileType = wrapper.cfbundle; includeInIndex = 0; path = TableViewTests.xctest; sourceTree = BUILT_PRODUCTS_DIR; };
		693A9FA42739149E0058AD6F /* TableViewTests.swift */ = {isa = PBXFileReference; lastKnownFileType = sourcecode.swift; path = TableViewTests.swift; sourceTree = "<group>"; };
		693A9FA62739149E0058AD6F /* Info.plist */ = {isa = PBXFileReference; lastKnownFileType = text.plist.xml; path = Info.plist; sourceTree = "<group>"; };
		693A9FAB2739149E0058AD6F /* TableViewUITests.xctest */ = {isa = PBXFileReference; explicitFileType = wrapper.cfbundle; includeInIndex = 0; path = TableViewUITests.xctest; sourceTree = BUILT_PRODUCTS_DIR; };
		693A9FAF2739149F0058AD6F /* TableViewUITests.swift */ = {isa = PBXFileReference; lastKnownFileType = sourcecode.swift; path = TableViewUITests.swift; sourceTree = "<group>"; };
		693A9FB12739149F0058AD6F /* Info.plist */ = {isa = PBXFileReference; lastKnownFileType = text.plist.xml; path = Info.plist; sourceTree = "<group>"; };
/* End PBXFileReference section */

/* Begin PBXFrameworksBuildPhase section */
		693A9F872739149D0058AD6F /* Frameworks */ = {
			isa = PBXFrameworksBuildPhase;
			buildActionMask = 2147483647;
			files = (
			);
			runOnlyForDeploymentPostprocessing = 0;
		};
		693A9F9D2739149E0058AD6F /* Frameworks */ = {
			isa = PBXFrameworksBuildPhase;
			buildActionMask = 2147483647;
			files = (
			);
			runOnlyForDeploymentPostprocessing = 0;
		};
		693A9FA82739149E0058AD6F /* Frameworks */ = {
			isa = PBXFrameworksBuildPhase;
			buildActionMask = 2147483647;
			files = (
			);
			runOnlyForDeploymentPostprocessing = 0;
		};
/* End PBXFrameworksBuildPhase section */

/* Begin PBXGroup section */
		693A9F812739149D0058AD6F = {
			isa = PBXGroup;
			children = (
				693A9F8C2739149D0058AD6F /* TableView */,
				693A9FA32739149E0058AD6F /* TableViewTests */,
				693A9FAE2739149E0058AD6F /* TableViewUITests */,
				693A9F8B2739149D0058AD6F /* Products */,
			);
			sourceTree = "<group>";
		};
		693A9F8B2739149D0058AD6F /* Products */ = {
			isa = PBXGroup;
			children = (
				693A9F8A2739149D0058AD6F /* TableView.app */,
				693A9FA02739149E0058AD6F /* TableViewTests.xctest */,
				693A9FAB2739149E0058AD6F /* TableViewUITests.xctest */,
			);
			name = Products;
			sourceTree = "<group>";
		};
		693A9F8C2739149D0058AD6F /* TableView */ = {
			isa = PBXGroup;
			children = (
				693A9F8D2739149D0058AD6F /* AppDelegate.swift */,
				693A9F8F2739149D0058AD6F /* SceneDelegate.swift */,
				693A9F912739149D0058AD6F /* ViewController.swift */,
				693A9F932739149D0058AD6F /* Main.storyboard */,
				693A9F962739149E0058AD6F /* Assets.xcassets */,
				693A9F982739149E0058AD6F /* LaunchScreen.storyboard */,
				693A9F9B2739149E0058AD6F /* Info.plist */,
			);
			path = TableView;
			sourceTree = "<group>";
		};
		693A9FA32739149E0058AD6F /* TableViewTests */ = {
			isa = PBXGroup;
			children = (
				693A9FA42739149E0058AD6F /* TableViewTests.swift */,
				693A9FA62739149E0058AD6F /* Info.plist */,
			);
			path = TableViewTests;
			sourceTree = "<group>";
		};
		693A9FAE2739149E0058AD6F /* TableViewUITests */ = {
			isa = PBXGroup;
			children = (
				693A9FAF2739149F0058AD6F /* TableViewUITests.swift */,
				693A9FB12739149F0058AD6F /* Info.plist */,
			);
			path = TableViewUITests;
			sourceTree = "<group>";
		};
/* End PBXGroup section */

/* Begin PBXNativeTarget section */
		693A9F892739149D0058AD6F /* TableView */ = {
			isa = PBXNativeTarget;
			buildConfigurationList = 693A9FB42739149F0058AD6F /* Build configuration list for PBXNativeTarget "TableView" */;
			buildPhases = (
				693A9F862739149D0058AD6F /* Sources */,
				693A9F872739149D0058AD6F /* Frameworks */,
				693A9F882739149D0058AD6F /* Resources */,
			);
			buildRules = (
			);
			dependencies = (
			);
			name = TableView;
			productName = TableView;
			productReference = 693A9F8A2739149D0058AD6F /* TableView.app */;
			productType = "com.apple.product-type.application";
		};
		693A9F9F2739149E0058AD6F /* TableViewTests */ = {
			isa = PBXNativeTarget;
			buildConfigurationList = 693A9FB72739149F0058AD6F /* Build configuration list for PBXNativeTarget "TableViewTests" */;
			buildPhases = (
				693A9F9C2739149E0058AD6F /* Sources */,
				693A9F9D2739149E0058AD6F /* Frameworks */,
				693A9F9E2739149E0058AD6F /* Resources */,
			);
			buildRules = (
			);
			dependencies = (
				693A9FA22739149E0058AD6F /* PBXTargetDependency */,
			);
			name = TableViewTests;
			productName = TableViewTests;
			productReference = 693A9FA02739149E0058AD6F /* TableViewTests.xctest */;
			productType = "com.apple.product-type.bundle.unit-test";
		};
		693A9FAA2739149E0058AD6F /* TableViewUITests */ = {
			isa = PBXNativeTarget;
			buildConfigurationList = 693A9FBA2739149F0058AD6F /* Build configuration list for PBXNativeTarget "TableViewUITests" */;
			buildPhases = (
				693A9FA72739149E0058AD6F /* Sources */,
				693A9FA82739149E0058AD6F /* Frameworks */,
				693A9FA92739149E0058AD6F /* Resources */,
			);
			buildRules = (
			);
			dependencies = (
				693A9FAD2739149E0058AD6F /* PBXTargetDependency */,
			);
			name = TableViewUITests;
			productName = TableViewUITests;
			productReference = 693A9FAB2739149E0058AD6F /* TableViewUITests.xctest */;
			productType = "com.apple.product-type.bundle.ui-testing";
		};
/* End PBXNativeTarget section */

/* Begin PBXProject section */
		693A9F822739149D0058AD6F /* Project object */ = {
			isa = PBXProject;
			attributes = {
				LastSwiftUpdateCheck = 1250;
				LastUpgradeCheck = 1250;
				TargetAttributes = {
					693A9F892739149D0058AD6F = {
						CreatedOnToolsVersion = 12.5;
					};
					693A9F9F2739149E0058AD6F = {
						CreatedOnToolsVersion = 12.5;
						TestTargetID = 693A9F892739149D0058AD6F;
					};
					693A9FAA2739149E0058AD6F = {
						CreatedOnToolsVersion = 12.5;
						TestTargetID = 693A9F892739149D0058AD6F;
					};
				};
			};
			buildConfigurationList = 693A9F852739149D0058AD6F /* Build configuration list for PBXProject "TableView" */;
			compatibilityVersion = "Xcode 9.3";
			developmentRegion = en;
			hasScannedForEncodings = 0;
			knownRegions = (
				en,
				Base,
			);
			mainGroup = 693A9F812739149D0058AD6F;
			productRefGroup = 693A9F8B2739149D0058AD6F /* Products */;
			projectDirPath = "";
			projectRoot = "";
			targets = (
				693A9F892739149D0058AD6F /* TableView */,
				693A9F9F2739149E0058AD6F /* TableViewTests */,
				693A9FAA2739149E0058AD6F /* TableViewUITests */,
			);
		};
/* End PBXProject section */

/* Begin PBXResourcesBuildPhase section */
		693A9F882739149D0058AD6F /* Resources */ = {
			isa = PBXResourcesBuildPhase;
			buildActionMask = 2147483647;
			files = (
				693A9F9A2739149E0058AD6F /* LaunchScreen.storyboard in Resources */,
				693A9F972739149E0058AD6F /* Assets.xcassets in Resources */,
				693A9F952739149D0058AD6F /* Main.storyboard in Resources */,
			);
			runOnlyForDeploymentPostprocessing = 0;
		};
		693A9F9E2739149E0058AD6F /* Resources */ = {
			isa = PBXResourcesBuildPhase;
			buildActionMask = 2147483647;
			files = (
			);
			runOnlyForDeploymentPostprocessing = 0;
		};
		693A9FA92739149E0058AD6F /* Resources */ = {
			isa = PBXResourcesBuildPhase;
			buildActionMask = 2147483647;
			files = (
			);
			runOnlyForDeploymentPostprocessing = 0;
		};
/* End PBXResourcesBuildPhase section */

/* Begin PBXSourcesBuildPhase section */
		693A9F862739149D0058AD6F /* Sources */ = {
			isa = PBXSourcesBuildPhase;
			buildActionMask = 2147483647;
			files = (
				693A9F922739149D0058AD6F /* ViewController.swift in Sources */,
				693A9F8E2739149D0058AD6F /* AppDelegate.swift in Sources */,
				693A9F902739149D0058AD6F /* SceneDelegate.swift in Sources */,
			);
			runOnlyForDeploymentPostprocessing = 0;
		};
		693A9F9C2739149E0058AD6F /* Sources */ = {
			isa = PBXSourcesBuildPhase;
			buildActionMask = 2147483647;
			files = (
				693A9FA52739149E0058AD6F /* TableViewTests.swift in Sources */,
			);
			runOnlyForDeploymentPostprocessing = 0;
		};
		693A9FA72739149E0058AD6F /* Sources */ = {
			isa = PBXSourcesBuildPhase;
			buildActionMask = 2147483647;
			files = (
				693A9FB02739149F0058AD6F /* TableViewUITests.swift in Sources */,
			);
			runOnlyForDeploymentPostprocessing = 0;
		};
/* End PBXSourcesBuildPhase section */

/* Begin PBXTargetDependency section */
		693A9FA22739149E0058AD6F /* PBXTargetDependency */ = {
			isa = PBXTargetDependency;
			target = 693A9F892739149D0058AD6F /* TableView */;
			targetProxy = 693A9FA12739149E0058AD6F /* PBXContainerItemProxy */;
		};
		693A9FAD2739149E0058AD6F /* PBXTargetDependency */ = {
			isa = PBXTargetDependency;
			target = 693A9F892739149D0058AD6F /* TableView */;
			targetProxy = 693A9FAC2739149E0058AD6F /* PBXContainerItemProxy */;
		};
/* End PBXTargetDependency section */

/* Begin PBXVariantGroup section */
		693A9F932739149D0058AD6F /* Main.storyboard */ = {
			isa = PBXVariantGroup;
			children = (
				693A9F942739149D0058AD6F /* Base */,
			);
			name = Main.storyboard;
			sourceTree = "<group>";
		};
		693A9F982739149E0058AD6F /* LaunchScreen.storyboard */ = {
			isa = PBXVariantGroup;
			children = (
				693A9F992739149E0058AD6F /* Base */,
			);
			name = LaunchScreen.storyboard;
			sourceTree = "<group>";
		};
/* End PBXVariantGroup section */

/* Begin XCBuildConfiguration section */
		693A9FB22739149F0058AD6F /* Debug */ = {
			isa = XCBuildConfiguration;
			buildSettings = {
				ALWAYS_SEARCH_USER_PATHS = NO;
				CLANG_ANALYZER_NONNULL = YES;
				CLANG_ANALYZER_NUMBER_OBJECT_CONVERSION = YES_AGGRESSIVE;
				CLANG_CXX_LANGUAGE_STANDARD = "gnu++14";
				CLANG_CXX_LIBRARY = "libc++";
				CLANG_ENABLE_MODULES = YES;
				CLANG_ENABLE_OBJC_ARC = YES;
				CLANG_ENABLE_OBJC_WEAK = YES;
				CLANG_WARN_BLOCK_CAPTURE_AUTORELEASING = YES;
				CLANG_WARN_BOOL_CONVERSION = YES;
				CLANG_WARN_COMMA = YES;
				CLANG_WARN_CONSTANT_CONVERSION = YES;
				CLANG_WARN_DEPRECATED_OBJC_IMPLEMENTATIONS = YES;
				CLANG_WARN_DIRECT_OBJC_ISA_USAGE = YES_ERROR;
				CLANG_WARN_DOCUMENTATION_COMMENTS = YES;
				CLANG_WARN_EMPTY_BODY = YES;
				CLANG_WARN_ENUM_CONVERSION = YES;
				CLANG_WARN_INFINITE_RECURSION = YES;
				CLANG_WARN_INT_CONVERSION = YES;
				CLANG_WARN_NON_LITERAL_NULL_CONVERSION = YES;
				CLANG_WARN_OBJC_IMPLICIT_RETAIN_SELF = YES;
				CLANG_WARN_OBJC_LITERAL_CONVERSION = YES;
				CLANG_WARN_OBJC_ROOT_CLASS = YES_ERROR;
				CLANG_WARN_QUOTED_INCLUDE_IN_FRAMEWORK_HEADER = YES;
				CLANG_WARN_RANGE_LOOP_ANALYSIS = YES;
				CLANG_WARN_STRICT_PROTOTYPES = YES;
				CLANG_WARN_SUSPICIOUS_MOVE = YES;
				CLANG_WARN_UNGUARDED_AVAILABILITY = YES_AGGRESSIVE;
				CLANG_WARN_UNREACHABLE_CODE = YES;
				CLANG_WARN__DUPLICATE_METHOD_MATCH = YES;
				COPY_PHASE_STRIP = NO;
				DEBUG_INFORMATION_FORMAT = dwarf;
				ENABLE_STRICT_OBJC_MSGSEND = YES;
				ENABLE_TESTABILITY = YES;
				GCC_C_LANGUAGE_STANDARD = gnu11;
				GCC_DYNAMIC_NO_PIC = NO;
				GCC_NO_COMMON_BLOCKS = YES;
				GCC_OPTIMIZATION_LEVEL = 0;
				GCC_PREPROCESSOR_DEFINITIONS = (
					"DEBUG=1",
					"$(inherited)",
				);
				GCC_WARN_64_TO_32_BIT_CONVERSION = YES;
				GCC_WARN_ABOUT_RETURN_TYPE = YES_ERROR;
				GCC_WARN_UNDECLARED_SELECTOR = YES;
				GCC_WARN_UNINITIALIZED_AUTOS = YES_AGGRESSIVE;
				GCC_WARN_UNUSED_FUNCTION = YES;
				GCC_WARN_UNUSED_VARIABLE = YES;
				IPHONEOS_DEPLOYMENT_TARGET = 14.5;
				MTL_ENABLE_DEBUG_INFO = INCLUDE_SOURCE;
				MTL_FAST_MATH = YES;
				ONLY_ACTIVE_ARCH = YES;
				SDKROOT = iphoneos;
				SWIFT_ACTIVE_COMPILATION_CONDITIONS = DEBUG;
				SWIFT_OPTIMIZATION_LEVEL = "-Onone";
			};
			name = Debug;
		};
		693A9FB32739149F0058AD6F /* Release */ = {
			isa = XCBuildConfiguration;
			buildSettings = {
				ALWAYS_SEARCH_USER_PATHS = NO;
				CLANG_ANALYZER_NONNULL = YES;
				CLANG_ANALYZER_NUMBER_OBJECT_CONVERSION = YES_AGGRESSIVE;
				CLANG_CXX_LANGUAGE_STANDARD = "gnu++14";
				CLANG_CXX_LIBRARY = "libc++";
				CLANG_ENABLE_MODULES = YES;
				CLANG_ENABLE_OBJC_ARC = YES;
				CLANG_ENABLE_OBJC_WEAK = YES;
				CLANG_WARN_BLOCK_CAPTURE_AUTORELEASING = YES;
				CLANG_WARN_BOOL_CONVERSION = YES;
				CLANG_WARN_COMMA = YES;
				CLANG_WARN_CONSTANT_CONVERSION = YES;
				CLANG_WARN_DEPRECATED_OBJC_IMPLEMENTATIONS = YES;
				CLANG_WARN_DIRECT_OBJC_ISA_USAGE = YES_ERROR;
				CLANG_WARN_DOCUMENTATION_COMMENTS = YES;
				CLANG_WARN_EMPTY_BODY = YES;
				CLANG_WARN_ENUM_CONVERSION = YES;
				CLANG_WARN_INFINITE_RECURSION = YES;
				CLANG_WARN_INT_CONVERSION = YES;
				CLANG_WARN_NON_LITERAL_NULL_CONVERSION = YES;
				CLANG_WARN_OBJC_IMPLICIT_RETAIN_SELF = YES;
				CLANG_WARN_OBJC_LITERAL_CONVERSION = YES;
				CLANG_WARN_OBJC_ROOT_CLASS = YES_ERROR;
				CLANG_WARN_QUOTED_INCLUDE_IN_FRAMEWORK_HEADER = YES;
				CLANG_WARN_RANGE_LOOP_ANALYSIS = YES;
				CLANG_WARN_STRICT_PROTOTYPES = YES;
				CLANG_WARN_SUSPICIOUS_MOVE = YES;
				CLANG_WARN_UNGUARDED_AVAILABILITY = YES_AGGRESSIVE;
				CLANG_WARN_UNREACHABLE_CODE = YES;
				CLANG_WARN__DUPLICATE_METHOD_MATCH = YES;
				COPY_PHASE_STRIP = NO;
				DEBUG_INFORMATION_FORMAT = "dwarf-with-dsym";
				ENABLE_NS_ASSERTIONS = NO;
				ENABLE_STRICT_OBJC_MSGSEND = YES;
				GCC_C_LANGUAGE_STANDARD = gnu11;
				GCC_NO_COMMON_BLOCKS = YES;
				GCC_WARN_64_TO_32_BIT_CONVERSION = YES;
				GCC_WARN_ABOUT_RETURN_TYPE = YES_ERROR;
				GCC_WARN_UNDECLARED_SELECTOR = YES;
				GCC_WARN_UNINITIALIZED_AUTOS = YES_AGGRESSIVE;
				GCC_WARN_UNUSED_FUNCTION = YES;
				GCC_WARN_UNUSED_VARIABLE = YES;
				IPHONEOS_DEPLOYMENT_TARGET = 14.5;
				MTL_ENABLE_DEBUG_INFO = NO;
				MTL_FAST_MATH = YES;
				SDKROOT = iphoneos;
				SWIFT_COMPILATION_MODE = wholemodule;
				SWIFT_OPTIMIZATION_LEVEL = "-O";
				VALIDATE_PRODUCT = YES;
			};
			name = Release;
		};
		693A9FB52739149F0058AD6F /* Debug */ = {
			isa = XCBuildConfiguration;
			buildSettings = {
				ASSETCATALOG_COMPILER_APPICON_NAME = AppIcon;
				ASSETCATALOG_COMPILER_GLOBAL_ACCENT_COLOR_NAME = AccentColor;
				CODE_SIGN_STYLE = Automatic;
				INFOPLIST_FILE = TableView/Info.plist;
				LD_RUNPATH_SEARCH_PATHS = (
					"$(inherited)",
					"@executable_path/Frameworks",
				);
				PRODUCT_BUNDLE_IDENTIFIER = "DanielB-StefanieM.TableView";
				PRODUCT_NAME = "$(TARGET_NAME)";
				SWIFT_VERSION = 5.0;
				TARGETED_DEVICE_FAMILY = "1,2";
			};
			name = Debug;
		};
		693A9FB62739149F0058AD6F /* Release */ = {
			isa = XCBuildConfiguration;
			buildSettings = {
				ASSETCATALOG_COMPILER_APPICON_NAME = AppIcon;
				ASSETCATALOG_COMPILER_GLOBAL_ACCENT_COLOR_NAME = AccentColor;
				CODE_SIGN_STYLE = Automatic;
				INFOPLIST_FILE = TableView/Info.plist;
				LD_RUNPATH_SEARCH_PATHS = (
					"$(inherited)",
					"@executable_path/Frameworks",
				);
				PRODUCT_BUNDLE_IDENTIFIER = "DanielB-StefanieM.TableView";
				PRODUCT_NAME = "$(TARGET_NAME)";
				SWIFT_VERSION = 5.0;
				TARGETED_DEVICE_FAMILY = "1,2";
			};
			name = Release;
		};
		693A9FB82739149F0058AD6F /* Debug */ = {
			isa = XCBuildConfiguration;
			buildSettings = {
				ALWAYS_EMBED_SWIFT_STANDARD_LIBRARIES = YES;
				BUNDLE_LOADER = "$(TEST_HOST)";
				CODE_SIGN_STYLE = Automatic;
				INFOPLIST_FILE = TableViewTests/Info.plist;
				IPHONEOS_DEPLOYMENT_TARGET = 14.5;
				LD_RUNPATH_SEARCH_PATHS = (
					"$(inherited)",
					"@executable_path/Frameworks",
					"@loader_path/Frameworks",
				);
				PRODUCT_BUNDLE_IDENTIFIER = "DanielB-StefanieM.TableViewTests";
				PRODUCT_NAME = "$(TARGET_NAME)";
				SWIFT_VERSION = 5.0;
				TARGETED_DEVICE_FAMILY = "1,2";
				TEST_HOST = "$(BUILT_PRODUCTS_DIR)/TableView.app/TableView";
			};
			name = Debug;
		};
		693A9FB92739149F0058AD6F /* Release */ = {
			isa = XCBuildConfiguration;
			buildSettings = {
				ALWAYS_EMBED_SWIFT_STANDARD_LIBRARIES = YES;
				BUNDLE_LOADER = "$(TEST_HOST)";
				CODE_SIGN_STYLE = Automatic;
				INFOPLIST_FILE = TableViewTests/Info.plist;
				IPHONEOS_DEPLOYMENT_TARGET = 14.5;
				LD_RUNPATH_SEARCH_PATHS = (
					"$(inherited)",
					"@executable_path/Frameworks",
					"@loader_path/Frameworks",
				);
				PRODUCT_BUNDLE_IDENTIFIER = "DanielB-StefanieM.TableViewTests";
				PRODUCT_NAME = "$(TARGET_NAME)";
				SWIFT_VERSION = 5.0;
				TARGETED_DEVICE_FAMILY = "1,2";
				TEST_HOST = "$(BUILT_PRODUCTS_DIR)/TableView.app/TableView";
			};
			name = Release;
		};
		693A9FBB2739149F0058AD6F /* Debug */ = {
			isa = XCBuildConfiguration;
			buildSettings = {
				ALWAYS_EMBED_SWIFT_STANDARD_LIBRARIES = YES;
				CODE_SIGN_STYLE = Automatic;
				INFOPLIST_FILE = TableViewUITests/Info.plist;
				LD_RUNPATH_SEARCH_PATHS = (
					"$(inherited)",
					"@executable_path/Frameworks",
					"@loader_path/Frameworks",
				);
				PRODUCT_BUNDLE_IDENTIFIER = "DanielB-StefanieM.TableViewUITests";
				PRODUCT_NAME = "$(TARGET_NAME)";
				SWIFT_VERSION = 5.0;
				TARGETED_DEVICE_FAMILY = "1,2";
				TEST_TARGET_NAME = TableView;
			};
			name = Debug;
		};
		693A9FBC2739149F0058AD6F /* Release */ = {
			isa = XCBuildConfiguration;
			buildSettings = {
				ALWAYS_EMBED_SWIFT_STANDARD_LIBRARIES = YES;
				CODE_SIGN_STYLE = Automatic;
				INFOPLIST_FILE = TableViewUITests/Info.plist;
				LD_RUNPATH_SEARCH_PATHS = (
					"$(inherited)",
					"@executable_path/Frameworks",
					"@loader_path/Frameworks",
				);
				PRODUCT_BUNDLE_IDENTIFIER = "DanielB-StefanieM.TableViewUITests";
				PRODUCT_NAME = "$(TARGET_NAME)";
				SWIFT_VERSION = 5.0;
				TARGETED_DEVICE_FAMILY = "1,2";
				TEST_TARGET_NAME = TableView;
			};
			name = Release;
		};
/* End XCBuildConfiguration section */

/* Begin XCConfigurationList section */
		693A9F852739149D0058AD6F /* Build configuration list for PBXProject "TableView" */ = {
			isa = XCConfigurationList;
			buildConfigurations = (
				693A9FB22739149F0058AD6F /* Debug */,
				693A9FB32739149F0058AD6F /* Release */,
			);
			defaultConfigurationIsVisible = 0;
			defaultConfigurationName = Release;
		};
		693A9FB42739149F0058AD6F /* Build configuration list for PBXNativeTarget "TableView" */ = {
			isa = XCConfigurationList;
			buildConfigurations = (
				693A9FB52739149F0058AD6F /* Debug */,
				693A9FB62739149F0058AD6F /* Release */,
			);
			defaultConfigurationIsVisible = 0;
			defaultConfigurationName = Release;
		};
		693A9FB72739149F0058AD6F /* Build configuration list for PBXNativeTarget "TableViewTests" */ = {
			isa = XCConfigurationList;
			buildConfigurations = (
				693A9FB82739149F0058AD6F /* Debug */,
				693A9FB92739149F0058AD6F /* Release */,
			);
			defaultConfigurationIsVisible = 0;
			defaultConfigurationName = Release;
		};
		693A9FBA2739149F0058AD6F /* Build configuration list for PBXNativeTarget "TableViewUITests" */ = {
			isa = XCConfigurationList;
			buildConfigurations = (
				693A9FBB2739149F0058AD6F /* Debug */,
				693A9FBC2739149F0058AD6F /* Release */,
			);
			defaultConfigurationIsVisible = 0;
			defaultConfigurationName = Release;
		};
/* End XCConfigurationList section */
	};
	rootObject = 693A9F822739149D0058AD6F /* Project object */;
}
